
Microsoft Visual Studio Solution File, Format Version 12.00
# Visual Studio Version 16
VisualStudioVersion = 16.0.29424.173
MinimumVisualStudioVersion = 10.0.40219.1
Project("{FAE04EC0-301F-11D3-BF4B-00C04F79EFBC}") = "StrategyDesignPattern", "StrategyDesignPattern\StrategyDesignPattern.csproj", "{6C3C771D-37B4-40DA-B270-D2D501FDB9A7}"
EndProject
Project("{FAE04EC0-301F-11D3-BF4B-00C04F79EFBC}") = "Tests", "Tests\Tests.csproj", "{062D1307-5A75-4A8D-973E-7DC42A136E47}"
EndProject
Global
	GlobalSection(SolutionConfigurationPlatforms) = preSolution
		Debug|Any CPU = Debug|Any CPU
		Release|Any CPU = Release|Any CPU
	EndGlobalSection
	GlobalSection(ProjectConfigurationPlatforms) = postSolution
		{6C3C771D-37B4-40DA-B270-D2D501FDB9A7}.Debug|Any CPU.ActiveCfg = Debug|Any CPU
		{6C3C771D-37B4-40DA-B270-D2D501FDB9A7}.Debug|Any CPU.Build.0 = Debug|Any CPU
		{6C3C771D-37B4-40DA-B270-D2D501FDB9A7}.Release|Any CPU.ActiveCfg = Release|Any CPU
		{6C3C771D-37B4-40DA-B270-D2D501FDB9A7}.Release|Any CPU.Build.0 = Release|Any CPU
		{062D1307-5A75-4A8D-973E-7DC42A136E47}.Debug|Any CPU.ActiveCfg = Debug|Any CPU
		{062D1307-5A75-4A8D-973E-7DC42A136E47}.Debug|Any CPU.Build.0 = Debug|Any CPU
		{062D1307-5A75-4A8D-973E-7DC42A136E47}.Release|Any CPU.ActiveCfg = Release|Any CPU
		{062D1307-5A75-4A8D-973E-7DC42A136E47}.Release|Any CPU.Build.0 = Release|Any CPU
	EndGlobalSection
	GlobalSection(SolutionProperties) = preSolution
		HideSolutionNode = FALSE
	EndGlobalSection
	GlobalSection(ExtensibilityGlobals) = postSolution
		SolutionGuid = {C7B1A1DD-670C-4C77-A341-7167D1EED28E}
	EndGlobalSection
EndGlobal
